
Microsoft Visual Studio Solution File, Format Version 12.00
# Visual Studio Version 17
VisualStudioVersion = 17.4.33103.184
MinimumVisualStudioVersion = 10.0.40219.1
Project("{9A19103F-16F7-4668-BE54-9A1E7A4F7556}") = "ChatApp", "ChatApp\ChatApp.csproj", "{0782642A-B426-4901-A6D5-42872030F9FA}"
EndProject
Project("{9A19103F-16F7-4668-BE54-9A1E7A4F7556}") = "ChatApp.Data", "ChatApp.Data\ChatApp.Data.csproj", "{FC9C7BFF-2920-4789-AE34-52C1F8FEF8F7}"
EndProject
Project("{9A19103F-16F7-4668-BE54-9A1E7A4F7556}") = "ChatApp.Data.Ef", "ChatApp.Data.Ef\ChatApp.Data.Ef.csproj", "{A2C6FDE4-FF4D-4575-A535-C52CF8F8848F}"
EndProject
Project("{2150E333-8FDC-42A3-9474-1A3956D46DE8}") = "01-Presentation", "01-Presentation", "{E86AE284-E9CC-4DC3-8FDB-ED8332367333}"
EndProject
Project("{FAE04EC0-301F-11D3-BF4B-00C04F79EFBC}") = "ChatApp.WebApi", "ChatApp.WebApi\ChatApp.WebApi.csproj", "{E0FE4E36-902D-4195-A03C-9FFFDA75CA7B}"
EndProject
Project("{2150E333-8FDC-42A3-9474-1A3956D46DE8}") = "02-domain", "02-domain", "{34E51E41-110C-4215-B7DD-AE0404CBA496}"
EndProject
Project("{2150E333-8FDC-42A3-9474-1A3956D46DE8}") = "03-infastructure", "03-infastructure", "{706F2217-D32F-4162-9073-3B562B818F71}"
EndProject
Project("{9A19103F-16F7-4668-BE54-9A1E7A4F7556}") = "ChatApp.Infastructure", "ChatApp.Infastructure\ChatApp.Infastructure.csproj", "{57DB3BC6-58FB-421D-83AF-4B851D187ABA}"
EndProject
Project("{9A19103F-16F7-4668-BE54-9A1E7A4F7556}") = "ChatApp.Utilities", "ChatApp.Utilities\ChatApp.Utilities.csproj", "{FF4566CB-109F-4A4F-AF7B-F92703288090}"
EndProject
Project("{2150E333-8FDC-42A3-9474-1A3956D46DE8}") = "04-Application", "04-Application", "{99E50233-62FE-4ABF-BC0C-815605C78EDA}"
EndProject
Project("{9A19103F-16F7-4668-BE54-9A1E7A4F7556}") = "ChatApp.Application", "ChatApp.Application\ChatApp.Application.csproj", "{7A37904F-E0DE-4069-9865-260FD3EFBC78}"
EndProject
Project("{9A19103F-16F7-4668-BE54-9A1E7A4F7556}") = "ChatApp.Application.Dapper", "ChatApp.Application.Dapper\ChatApp.Application.Dapper.csproj", "{00150647-3D9D-4018-A61A-518BEE8AEBCF}"
EndProject
Project("{2150E333-8FDC-42A3-9474-1A3956D46DE8}") = "05-Test", "05-Test", "{7AFBCAC0-773D-4E51-835B-9E92F6001B42}"
EndProject
Project("{2150E333-8FDC-42A3-9474-1A3956D46DE8}") = "UnitTest", "UnitTest", "{D8B5A664-2291-427F-999D-F1BD06EEE6DB}"
EndProject
Project("{FAE04EC0-301F-11D3-BF4B-00C04F79EFBC}") = "ChatApp.Data.UnitTest", "ChatApp.Data.UnitTest\ChatApp.Data.UnitTest.csproj", "{96F10650-7E64-4262-BEA2-9AB5DC8C0CA4}"
EndProject
Project("{FAE04EC0-301F-11D3-BF4B-00C04F79EFBC}") = "ChatApp.Data.EF.UnitTest", "ChatApp.Data.EF.UnitTest\ChatApp.Data.EF.UnitTest.csproj", "{B3FAF911-64FD-4028-9C40-C3CCB18DE916}"
EndProject
Project("{FAE04EC0-301F-11D3-BF4B-00C04F79EFBC}") = "ChatApp.Application.UnitTest", "ChatApp.Application.UnitTest\ChatApp.Application.UnitTest.csproj", "{7E4CA31C-32F9-4987-AECC-56F86D75DA14}"
EndProject
Project("{FAE04EC0-301F-11D3-BF4B-00C04F79EFBC}") = "ChatApp.Application.Dapper.UnitTest", "ChatApp.Application.Dapper.UnitTest\ChatApp.Application.Dapper.UnitTest.csproj", "{7CBDF5CA-9901-4468-B840-EA2A0AB483A9}"
EndProject
Project("{FAE04EC0-301F-11D3-BF4B-00C04F79EFBC}") = "ChatApp.Utilities.UnitTest", "ChatApp.Utilities.UnitTest\ChatApp.Utilities.UnitTest.csproj", "{C2B24B3C-5FCD-44F1-B17F-6BAE458D5679}"
EndProject
Project("{FAE04EC0-301F-11D3-BF4B-00C04F79EFBC}") = "ChatApp.Infastructure.UnitTest", "ChatApp.Infastructure.UnitTest\ChatApp.Infastructure.UnitTest.csproj", "{1666844F-40EE-4E83-B1DC-8E556F4B66C0}"
EndProject
Project("{FAE04EC0-301F-11D3-BF4B-00C04F79EFBC}") = "ChatApp.WebApi.UnitTest", "ChatApp.WebApi.UnitTest\ChatApp.WebApi.UnitTest.csproj", "{2AB846F2-80DD-4157-839A-B12AF46261CF}"
EndProject
Global
	GlobalSection(SolutionConfigurationPlatforms) = preSolution
		Debug|Any CPU = Debug|Any CPU
		Release|Any CPU = Release|Any CPU
	EndGlobalSection
	GlobalSection(ProjectConfigurationPlatforms) = postSolution
		{0782642A-B426-4901-A6D5-42872030F9FA}.Debug|Any CPU.ActiveCfg = Debug|Any CPU
		{0782642A-B426-4901-A6D5-42872030F9FA}.Debug|Any CPU.Build.0 = Debug|Any CPU
		{0782642A-B426-4901-A6D5-42872030F9FA}.Release|Any CPU.ActiveCfg = Release|Any CPU
		{0782642A-B426-4901-A6D5-42872030F9FA}.Release|Any CPU.Build.0 = Release|Any CPU
		{FC9C7BFF-2920-4789-AE34-52C1F8FEF8F7}.Debug|Any CPU.ActiveCfg = Debug|Any CPU
		{FC9C7BFF-2920-4789-AE34-52C1F8FEF8F7}.Debug|Any CPU.Build.0 = Debug|Any CPU
		{FC9C7BFF-2920-4789-AE34-52C1F8FEF8F7}.Release|Any CPU.ActiveCfg = Release|Any CPU
		{FC9C7BFF-2920-4789-AE34-52C1F8FEF8F7}.Release|Any CPU.Build.0 = Release|Any CPU
		{A2C6FDE4-FF4D-4575-A535-C52CF8F8848F}.Debug|Any CPU.ActiveCfg = Debug|Any CPU
		{A2C6FDE4-FF4D-4575-A535-C52CF8F8848F}.Debug|Any CPU.Build.0 = Debug|Any CPU
		{A2C6FDE4-FF4D-4575-A535-C52CF8F8848F}.Release|Any CPU.ActiveCfg = Release|Any CPU
		{A2C6FDE4-FF4D-4575-A535-C52CF8F8848F}.Release|Any CPU.Build.0 = Release|Any CPU
		{E0FE4E36-902D-4195-A03C-9FFFDA75CA7B}.Debug|Any CPU.ActiveCfg = Debug|Any CPU
		{E0FE4E36-902D-4195-A03C-9FFFDA75CA7B}.Debug|Any CPU.Build.0 = Debug|Any CPU
		{E0FE4E36-902D-4195-A03C-9FFFDA75CA7B}.Release|Any CPU.ActiveCfg = Release|Any CPU
		{E0FE4E36-902D-4195-A03C-9FFFDA75CA7B}.Release|Any CPU.Build.0 = Release|Any CPU
		{57DB3BC6-58FB-421D-83AF-4B851D187ABA}.Debug|Any CPU.ActiveCfg = Debug|Any CPU
		{57DB3BC6-58FB-421D-83AF-4B851D187ABA}.Debug|Any CPU.Build.0 = Debug|Any CPU
		{57DB3BC6-58FB-421D-83AF-4B851D187ABA}.Release|Any CPU.ActiveCfg = Release|Any CPU
		{57DB3BC6-58FB-421D-83AF-4B851D187ABA}.Release|Any CPU.Build.0 = Release|Any CPU
		{FF4566CB-109F-4A4F-AF7B-F92703288090}.Debug|Any CPU.ActiveCfg = Debug|Any CPU
		{FF4566CB-109F-4A4F-AF7B-F92703288090}.Debug|Any CPU.Build.0 = Debug|Any CPU
		{FF4566CB-109F-4A4F-AF7B-F92703288090}.Release|Any CPU.ActiveCfg = Release|Any CPU
		{FF4566CB-109F-4A4F-AF7B-F92703288090}.Release|Any CPU.Build.0 = Release|Any CPU
		{7A37904F-E0DE-4069-9865-260FD3EFBC78}.Debug|Any CPU.ActiveCfg = Debug|Any CPU
		{7A37904F-E0DE-4069-9865-260FD3EFBC78}.Debug|Any CPU.Build.0 = Debug|Any CPU
		{7A37904F-E0DE-4069-9865-260FD3EFBC78}.Release|Any CPU.ActiveCfg = Release|Any CPU
		{7A37904F-E0DE-4069-9865-260FD3EFBC78}.Release|Any CPU.Build.0 = Release|Any CPU
		{00150647-3D9D-4018-A61A-518BEE8AEBCF}.Debug|Any CPU.ActiveCfg = Debug|Any CPU
		{00150647-3D9D-4018-A61A-518BEE8AEBCF}.Debug|Any CPU.Build.0 = Debug|Any CPU
		{00150647-3D9D-4018-A61A-518BEE8AEBCF}.Release|Any CPU.ActiveCfg = Release|Any CPU
		{00150647-3D9D-4018-A61A-518BEE8AEBCF}.Release|Any CPU.Build.0 = Release|Any CPU
		{96F10650-7E64-4262-BEA2-9AB5DC8C0CA4}.Debug|Any CPU.ActiveCfg = Debug|Any CPU
		{96F10650-7E64-4262-BEA2-9AB5DC8C0CA4}.Debug|Any CPU.Build.0 = Debug|Any CPU
		{96F10650-7E64-4262-BEA2-9AB5DC8C0CA4}.Release|Any CPU.ActiveCfg = Release|Any CPU
		{96F10650-7E64-4262-BEA2-9AB5DC8C0CA4}.Release|Any CPU.Build.0 = Release|Any CPU
		{B3FAF911-64FD-4028-9C40-C3CCB18DE916}.Debug|Any CPU.ActiveCfg = Debug|Any CPU
		{B3FAF911-64FD-4028-9C40-C3CCB18DE916}.Debug|Any CPU.Build.0 = Debug|Any CPU
		{B3FAF911-64FD-4028-9C40-C3CCB18DE916}.Release|Any CPU.ActiveCfg = Release|Any CPU
		{B3FAF911-64FD-4028-9C40-C3CCB18DE916}.Release|Any CPU.Build.0 = Release|Any CPU
		{7E4CA31C-32F9-4987-AECC-56F86D75DA14}.Debug|Any CPU.ActiveCfg = Debug|Any CPU
		{7E4CA31C-32F9-4987-AECC-56F86D75DA14}.Debug|Any CPU.Build.0 = Debug|Any CPU
		{7E4CA31C-32F9-4987-AECC-56F86D75DA14}.Release|Any CPU.ActiveCfg = Release|Any CPU
		{7E4CA31C-32F9-4987-AECC-56F86D75DA14}.Release|Any CPU.Build.0 = Release|Any CPU
		{7CBDF5CA-9901-4468-B840-EA2A0AB483A9}.Debug|Any CPU.ActiveCfg = Debug|Any CPU
		{7CBDF5CA-9901-4468-B840-EA2A0AB483A9}.Debug|Any CPU.Build.0 = Debug|Any CPU
		{7CBDF5CA-9901-4468-B840-EA2A0AB483A9}.Release|Any CPU.ActiveCfg = Release|Any CPU
		{7CBDF5CA-9901-4468-B840-EA2A0AB483A9}.Release|Any CPU.Build.0 = Release|Any CPU
		{C2B24B3C-5FCD-44F1-B17F-6BAE458D5679}.Debug|Any CPU.ActiveCfg = Debug|Any CPU
		{C2B24B3C-5FCD-44F1-B17F-6BAE458D5679}.Debug|Any CPU.Build.0 = Debug|Any CPU
		{C2B24B3C-5FCD-44F1-B17F-6BAE458D5679}.Release|Any CPU.ActiveCfg = Release|Any CPU
		{C2B24B3C-5FCD-44F1-B17F-6BAE458D5679}.Release|Any CPU.Build.0 = Release|Any CPU
		{1666844F-40EE-4E83-B1DC-8E556F4B66C0}.Debug|Any CPU.ActiveCfg = Debug|Any CPU
		{1666844F-40EE-4E83-B1DC-8E556F4B66C0}.Debug|Any CPU.Build.0 = Debug|Any CPU
		{1666844F-40EE-4E83-B1DC-8E556F4B66C0}.Release|Any CPU.ActiveCfg = Release|Any CPU
		{1666844F-40EE-4E83-B1DC-8E556F4B66C0}.Release|Any CPU.Build.0 = Release|Any CPU
		{2AB846F2-80DD-4157-839A-B12AF46261CF}.Debug|Any CPU.ActiveCfg = Debug|Any CPU
		{2AB846F2-80DD-4157-839A-B12AF46261CF}.Debug|Any CPU.Build.0 = Debug|Any CPU
		{2AB846F2-80DD-4157-839A-B12AF46261CF}.Release|Any CPU.ActiveCfg = Release|Any CPU
		{2AB846F2-80DD-4157-839A-B12AF46261CF}.Release|Any CPU.Build.0 = Release|Any CPU
	EndGlobalSection
	GlobalSection(SolutionProperties) = preSolution
		HideSolutionNode = FALSE
	EndGlobalSection
	GlobalSection(NestedProjects) = preSolution
		{0782642A-B426-4901-A6D5-42872030F9FA} = {E86AE284-E9CC-4DC3-8FDB-ED8332367333}
		{FC9C7BFF-2920-4789-AE34-52C1F8FEF8F7} = {34E51E41-110C-4215-B7DD-AE0404CBA496}
		{A2C6FDE4-FF4D-4575-A535-C52CF8F8848F} = {34E51E41-110C-4215-B7DD-AE0404CBA496}
		{E0FE4E36-902D-4195-A03C-9FFFDA75CA7B} = {E86AE284-E9CC-4DC3-8FDB-ED8332367333}
		{57DB3BC6-58FB-421D-83AF-4B851D187ABA} = {706F2217-D32F-4162-9073-3B562B818F71}
		{FF4566CB-109F-4A4F-AF7B-F92703288090} = {706F2217-D32F-4162-9073-3B562B818F71}
		{7A37904F-E0DE-4069-9865-260FD3EFBC78} = {99E50233-62FE-4ABF-BC0C-815605C78EDA}
		{00150647-3D9D-4018-A61A-518BEE8AEBCF} = {99E50233-62FE-4ABF-BC0C-815605C78EDA}
		{D8B5A664-2291-427F-999D-F1BD06EEE6DB} = {7AFBCAC0-773D-4E51-835B-9E92F6001B42}
		{96F10650-7E64-4262-BEA2-9AB5DC8C0CA4} = {D8B5A664-2291-427F-999D-F1BD06EEE6DB}
		{B3FAF911-64FD-4028-9C40-C3CCB18DE916} = {D8B5A664-2291-427F-999D-F1BD06EEE6DB}
		{7E4CA31C-32F9-4987-AECC-56F86D75DA14} = {D8B5A664-2291-427F-999D-F1BD06EEE6DB}
		{7CBDF5CA-9901-4468-B840-EA2A0AB483A9} = {D8B5A664-2291-427F-999D-F1BD06EEE6DB}
		{C2B24B3C-5FCD-44F1-B17F-6BAE458D5679} = {D8B5A664-2291-427F-999D-F1BD06EEE6DB}
		{1666844F-40EE-4E83-B1DC-8E556F4B66C0} = {D8B5A664-2291-427F-999D-F1BD06EEE6DB}
		{2AB846F2-80DD-4157-839A-B12AF46261CF} = {D8B5A664-2291-427F-999D-F1BD06EEE6DB}
	EndGlobalSection
	GlobalSection(ExtensibilityGlobals) = postSolution
		SolutionGuid = {175D634D-B926-4BD3-B32F-38E591588CBA}
	EndGlobalSection
EndGlobal
